// !$*UTF8*$!
{
	archiveVersion = 1;
	classes = {
	};
	objectVersion = 77;
	objects = {

/* Begin PBXContainerItemProxy section */
		F1E76E3E2D831F860004B78B /* PBXContainerItemProxy */ = {
			isa = PBXContainerItemProxy;
			containerPortal = F1E76E1F2D831F830004B78B /* Project object */;
			proxyType = 1;
			remoteGlobalIDString = F1E76E262D831F830004B78B;
			remoteInfo = WarmartCountrySearch;
		};
		F1E76E482D831F860004B78B /* PBXContainerItemProxy */ = {
			isa = PBXContainerItemProxy;
			containerPortal = F1E76E1F2D831F830004B78B /* Project object */;
			proxyType = 1;
			remoteGlobalIDString = F1E76E262D831F830004B78B;
			remoteInfo = WarmartCountrySearch;
		};
/* End PBXContainerItemProxy section */

/* Begin PBXFileReference section */
		F1E76E272D831F830004B78B /* WarmartCountrySearch.app */ = {isa = PBXFileReference; explicitFileType = wrapper.application; includeInIndex = 0; path = WarmartCountrySearch.app; sourceTree = BUILT_PRODUCTS_DIR; };
		F1E76E3D2D831F860004B78B /* WarmartCountrySearchTests.xctest */ = {isa = PBXFileReference; explicitFileType = wrapper.cfbundle; includeInIndex = 0; path = WarmartCountrySearchTests.xctest; sourceTree = BUILT_PRODUCTS_DIR; };
		F1E76E472D831F860004B78B /* WarmartCountrySearchUITests.xctest */ = {isa = PBXFileReference; explicitFileType = wrapper.cfbundle; includeInIndex = 0; path = WarmartCountrySearchUITests.xctest; sourceTree = BUILT_PRODUCTS_DIR; };
/* End PBXFileReference section */

/* Begin PBXFileSystemSynchronizedBuildFileExceptionSet section */
		F1E76E4F2D831F860004B78B /* Exceptions for "WarmartCountrySearch" folder in "WarmartCountrySearch" target */ = {
			isa = PBXFileSystemSynchronizedBuildFileExceptionSet;
			membershipExceptions = (
				Info.plist,
			);
			target = F1E76E262D831F830004B78B /* WarmartCountrySearch */;
		};
		F1E76E602D831FD60004B78B /* Exceptions for "WarmartCountrySearch" folder in "WarmartCountrySearchTests" target */ = {
			isa = PBXFileSystemSynchronizedBuildFileExceptionSet;
			membershipExceptions = (
				Models/Country.swift,
				Networking/APIEndpoints.swift,
				Networking/NetworkError.swift,
				Networking/NetworkManager.swift,
				ViewControllers/CountriesListViewController.swift,
				ViewControllers/CountryTableViewCell.swift,
				ViewModels/CountryViewModel.swift,
			);
			target = F1E76E3C2D831F860004B78B /* WarmartCountrySearchTests */;
		};
		F1E76E612D831FD60004B78B /* Exceptions for "WarmartCountrySearch" folder in "WarmartCountrySearchUITests" target */ = {
			isa = PBXFileSystemSynchronizedBuildFileExceptionSet;
			membershipExceptions = (
				Models/Country.swift,
				Networking/APIEndpoints.swift,
				Networking/NetworkError.swift,
				Networking/NetworkManager.swift,
				ViewControllers/CountriesListViewController.swift,
				ViewControllers/CountryTableViewCell.swift,
				ViewModels/CountryViewModel.swift,
			);
			target = F1E76E462D831F860004B78B /* WarmartCountrySearchUITests */;
		};
/* End PBXFileSystemSynchronizedBuildFileExceptionSet section */

/* Begin PBXFileSystemSynchronizedRootGroup section */
		F1E76E292D831F830004B78B /* WarmartCountrySearch */ = {
			isa = PBXFileSystemSynchronizedRootGroup;
			exceptions = (
				F1E76E4F2D831F860004B78B /* Exceptions for "WarmartCountrySearch" folder in "WarmartCountrySearch" target */,
				F1E76E602D831FD60004B78B /* Exceptions for "WarmartCountrySearch" folder in "WarmartCountrySearchTests" target */,
				F1E76E612D831FD60004B78B /* Exceptions for "WarmartCountrySearch" folder in "WarmartCountrySearchUITests" target */,
			);
			path = WarmartCountrySearch;
			sourceTree = "<group>";
		};
		F1E76E402D831F860004B78B /* WarmartCountrySearchTests */ = {
			isa = PBXFileSystemSynchronizedRootGroup;
			path = WarmartCountrySearchTests;
			sourceTree = "<group>";
		};
		F1E76E4A2D831F860004B78B /* WarmartCountrySearchUITests */ = {
			isa = PBXFileSystemSynchronizedRootGroup;
			path = WarmartCountrySearchUITests;
			sourceTree = "<group>";
		};
/* End PBXFileSystemSynchronizedRootGroup section */

/* Begin PBXFrameworksBuildPhase section */
		F1E76E242D831F830004B78B /* Frameworks */ = {
			isa = PBXFrameworksBuildPhase;
			buildActionMask = 2147483647;
			files = (
			);
			runOnlyForDeploymentPostprocessing = 0;
		};
		F1E76E3A2D831F860004B78B /* Frameworks */ = {
			isa = PBXFrameworksBuildPhase;
			buildActionMask = 2147483647;
			files = (
			);
			runOnlyForDeploymentPostprocessing = 0;
		};
		F1E76E442D831F860004B78B /* Frameworks */ = {
			isa = PBXFrameworksBuildPhase;
			buildActionMask = 2147483647;
			files = (
			);
			runOnlyForDeploymentPostprocessing = 0;
		};
/* End PBXFrameworksBuildPhase section */

/* Begin PBXGroup section */
		F1E76E1E2D831F830004B78B = {
			isa = PBXGroup;
			children = (
				F1E76E292D831F830004B78B /* WarmartCountrySearch */,
				F1E76E402D831F860004B78B /* WarmartCountrySearchTests */,
				F1E76E4A2D831F860004B78B /* WarmartCountrySearchUITests */,
				F1E76E282D831F830004B78B /* Products */,
			);
			sourceTree = "<group>";
		};
		F1E76E282D831F830004B78B /* Products */ = {
			isa = PBXGroup;
			children = (
				F1E76E272D831F830004B78B /* WarmartCountrySearch.app */,
				F1E76E3D2D831F860004B78B /* WarmartCountrySearchTests.xctest */,
				F1E76E472D831F860004B78B /* WarmartCountrySearchUITests.xctest */,
			);
			name = Products;
			sourceTree = "<group>";
		};
/* End PBXGroup section */

/* Begin PBXNativeTarget section */
		F1E76E262D831F830004B78B /* WarmartCountrySearch */ = {
			isa = PBXNativeTarget;
			buildConfigurationList = F1E76E502D831F860004B78B /* Build configuration list for PBXNativeTarget "WarmartCountrySearch" */;
			buildPhases = (
				F1E76E232D831F830004B78B /* Sources */,
				F1E76E242D831F830004B78B /* Frameworks */,
				F1E76E252D831F830004B78B /* Resources */,
			);
			buildRules = (
			);
			dependencies = (
			);
			fileSystemSynchronizedGroups = (
				F1E76E292D831F830004B78B /* WarmartCountrySearch */,
			);
			name = WarmartCountrySearch;
			packageProductDependencies = (
			);
			productName = WarmartCountrySearch;
			productReference = F1E76E272D831F830004B78B /* WarmartCountrySearch.app */;
			productType = "com.apple.product-type.application";
		};
		F1E76E3C2D831F860004B78B /* WarmartCountrySearchTests */ = {
			isa = PBXNativeTarget;
			buildConfigurationList = F1E76E552D831F860004B78B /* Build configuration list for PBXNativeTarget "WarmartCountrySearchTests" */;
			buildPhases = (
				F1E76E392D831F860004B78B /* Sources */,
				F1E76E3A2D831F860004B78B /* Frameworks */,
				F1E76E3B2D831F860004B78B /* Resources */,
			);
			buildRules = (
			);
			dependencies = (
				F1E76E3F2D831F860004B78B /* PBXTargetDependency */,
			);
			fileSystemSynchronizedGroups = (
				F1E76E402D831F860004B78B /* WarmartCountrySearchTests */,
			);
			name = WarmartCountrySearchTests;
			packageProductDependencies = (
			);
			productName = WarmartCountrySearchTests;
			productReference = F1E76E3D2D831F860004B78B /* WarmartCountrySearchTests.xctest */;
			productType = "com.apple.product-type.bundle.unit-test";
		};
		F1E76E462D831F860004B78B /* WarmartCountrySearchUITests */ = {
			isa = PBXNativeTarget;
			buildConfigurationList = F1E76E582D831F860004B78B /* Build configuration list for PBXNativeTarget "WarmartCountrySearchUITests" */;
			buildPhases = (
				F1E76E432D831F860004B78B /* Sources */,
				F1E76E442D831F860004B78B /* Frameworks */,
				F1E76E452D831F860004B78B /* Resources */,
			);
			buildRules = (
			);
			dependencies = (
				F1E76E492D831F860004B78B /* PBXTargetDependency */,
			);
			fileSystemSynchronizedGroups = (
				F1E76E4A2D831F860004B78B /* WarmartCountrySearchUITests */,
			);
			name = WarmartCountrySearchUITests;
			packageProductDependencies = (
			);
			productName = WarmartCountrySearchUITests;
			productReference = F1E76E472D831F860004B78B /* WarmartCountrySearchUITests.xctest */;
			productType = "com.apple.product-type.bundle.ui-testing";
		};
/* End PBXNativeTarget section */

/* Begin PBXProject section */
		F1E76E1F2D831F830004B78B /* Project object */ = {
			isa = PBXProject;
			attributes = {
				BuildIndependentTargetsInParallel = 1;
				LastSwiftUpdateCheck = 1620;
				LastUpgradeCheck = 1620;
				TargetAttributes = {
					F1E76E262D831F830004B78B = {
						CreatedOnToolsVersion = 16.2;
					};
					F1E76E3C2D831F860004B78B = {
						CreatedOnToolsVersion = 16.2;
						TestTargetID = F1E76E262D831F830004B78B;
					};
					F1E76E462D831F860004B78B = {
						CreatedOnToolsVersion = 16.2;
						TestTargetID = F1E76E262D831F830004B78B;
					};
				};
			};
			buildConfigurationList = F1E76E222D831F830004B78B /* Build configuration list for PBXProject "WarmartCountrySearch" */;
			developmentRegion = en;
			hasScannedForEncodings = 0;
			knownRegions = (
				en,
				Base,
			);
			mainGroup = F1E76E1E2D831F830004B78B;
			minimizedProjectReferenceProxies = 1;
			preferredProjectObjectVersion = 77;
			productRefGroup = F1E76E282D831F830004B78B /* Products */;
			projectDirPath = "";
			projectRoot = "";
			targets = (
				F1E76E262D831F830004B78B /* WarmartCountrySearch */,
				F1E76E3C2D831F860004B78B /* WarmartCountrySearchTests */,
				F1E76E462D831F860004B78B /* WarmartCountrySearchUITests */,
			);
		};
/* End PBXProject section */

/* Begin PBXResourcesBuildPhase section */
		F1E76E252D831F830004B78B /* Resources */ = {
			isa = PBXResourcesBuildPhase;
			buildActionMask = 2147483647;
			files = (
			);
			runOnlyForDeploymentPostprocessing = 0;
		};
		F1E76E3B2D831F860004B78B /* Resources */ = {
			isa = PBXResourcesBuildPhase;
			buildActionMask = 2147483647;
			files = (
			);
			runOnlyForDeploymentPostprocessing = 0;
		};
		F1E76E452D831F860004B78B /* Resources */ = {
			isa = PBXResourcesBuildPhase;
			buildActionMask = 2147483647;
			files = (
			);
			runOnlyForDeploymentPostprocessing = 0;
		};
/* End PBXResourcesBuildPhase section */

/* Begin PBXSourcesBuildPhase section */
		F1E76E232D831F830004B78B /* Sources */ = {
			isa = PBXSourcesBuildPhase;
			buildActionMask = 2147483647;
			files = (
			);
			runOnlyForDeploymentPostprocessing = 0;
		};
		F1E76E392D831F860004B78B /* Sources */ = {
			isa = PBXSourcesBuildPhase;
			buildActionMask = 2147483647;
			files = (
			);
			runOnlyForDeploymentPostprocessing = 0;
		};
		F1E76E432D831F860004B78B /* Sources */ = {
			isa = PBXSourcesBuildPhase;
			buildActionMask = 2147483647;
			files = (
			);
			runOnlyForDeploymentPostprocessing = 0;
		};
/* End PBXSourcesBuildPhase section */

/* Begin PBXTargetDependency section */
		F1E76E3F2D831F860004B78B /* PBXTargetDependency */ = {
			isa = PBXTargetDependency;
			target = F1E76E262D831F830004B78B /* WarmartCountrySearch */;
			targetProxy = F1E76E3E2D831F860004B78B /* PBXContainerItemProxy */;
		};
		F1E76E492D831F860004B78B /* PBXTargetDependency */ = {
			isa = PBXTargetDependency;
			target = F1E76E262D831F830004B78B /* WarmartCountrySearch */;
			targetProxy = F1E76E482D831F860004B78B /* PBXContainerItemProxy */;
		};
/* End PBXTargetDependency section */

/* Begin XCBuildConfiguration section */
		F1E76E512D831F860004B78B /* Debug */ = {
			isa = XCBuildConfiguration;
			buildSettings = {
				ASSETCATALOG_COMPILER_APPICON_NAME = AppIcon;
				ASSETCATALOG_COMPILER_GLOBAL_ACCENT_COLOR_NAME = AccentColor;
				CODE_SIGN_STYLE = Automatic;
				CURRENT_PROJECT_VERSION = 1;
				GENERATE_INFOPLIST_FILE = YES;
				INFOPLIST_FILE = WarmartCountrySearch/Info.plist;
				INFOPLIST_KEY_UIApplicationSupportsIndirectInputEvents = YES;
				INFOPLIST_KEY_UILaunchStoryboardName = LaunchScreen;
				INFOPLIST_KEY_UIMainStoryboardFile = Main;
				INFOPLIST_KEY_UISupportedInterfaceOrientations_iPad = "UIInterfaceOrientationPortrait UIInterfaceOrientationPortraitUpsideDown UIInterfaceOrientationLandscapeLeft UIInterfaceOrientationLandscapeRight";
				INFOPLIST_KEY_UISupportedInterfaceOrientations_iPhone = "UIInterfaceOrientationPortrait UIInterfaceOrientationLandscapeLeft UIInterfaceOrientationLandscapeRight";
				LD_RUNPATH_SEARCH_PATHS = (
					"$(inherited)",
					"@executable_path/Frameworks",
				);
				MARKETING_VERSION = 1.0;
				PRODUCT_BUNDLE_IDENTIFIER = JaiTimsina.WarmartCountrySearch;
				PRODUCT_NAME = "$(TARGET_NAME)";
				SWIFT_EMIT_LOC_STRINGS = YES;
				SWIFT_VERSION = 5.0;
				TARGETED_DEVICE_FAMILY = "1,2";
			};
			name = Debug;
		};
		F1E76E522D831F860004B78B /* Release */ = {
			isa = XCBuildConfiguration;
			buildSettings = {
				ASSETCATALOG_COMPILER_APPICON_NAME = AppIcon;
				ASSETCATALOG_COMPILER_GLOBAL_ACCENT_COLOR_NAME = AccentColor;
				CODE_SIGN_STYLE = Automatic;
				CURRENT_PROJECT_VERSION = 1;
				GENERATE_INFOPLIST_FILE = YES;
				INFOPLIST_FILE = WarmartCountrySearch/Info.plist;
				INFOPLIST_KEY_UIApplicationSupportsIndirectInputEvents = YES;
				INFOPLIST_KEY_UILaunchStoryboardName = LaunchScreen;
				INFOPLIST_KEY_UIMainStoryboardFile = Main;
				INFOPLIST_KEY_UISupportedInterfaceOrientations_iPad = "UIInterfaceOrientationPortrait UIInterfaceOrientationPortraitUpsideDown UIInterfaceOrientationLandscapeLeft UIInterfaceOrientationLandscapeRight";
				INFOPLIST_KEY_UISupportedInterfaceOrientations_iPhone = "UIInterfaceOrientationPortrait UIInterfaceOrientationLandscapeLeft UIInterfaceOrientationLandscapeRight";
				LD_RUNPATH_SEARCH_PATHS = (
					"$(inherited)",
					"@executable_path/Frameworks",
				);
				MARKETING_VERSION = 1.0;
				PRODUCT_BUNDLE_IDENTIFIER = JaiTimsina.WarmartCountrySearch;
				PRODUCT_NAME = "$(TARGET_NAME)";
				SWIFT_EMIT_LOC_STRINGS = YES;
				SWIFT_VERSION = 5.0;
				TARGETED_DEVICE_FAMILY = "1,2";
			};
			name = Release;
		};
		F1E76E532D831F860004B78B /* Debug */ = {
			isa = XCBuildConfiguration;
			buildSettings = {
				ALWAYS_SEARCH_USER_PATHS = NO;
				ASSETCATALOG_COMPILER_GENERATE_SWIFT_ASSET_SYMBOL_EXTENSIONS = YES;
				CLANG_ANALYZER_NONNULL = YES;
				CLANG_ANALYZER_NUMBER_OBJECT_CONVERSION = YES_AGGRESSIVE;
				CLANG_CXX_LANGUAGE_STANDARD = "gnu++20";
				CLANG_ENABLE_MODULES = YES;
				CLANG_ENABLE_OBJC_ARC = YES;
				CLANG_ENABLE_OBJC_WEAK = YES;
				CLANG_WARN_BLOCK_CAPTURE_AUTORELEASING = YES;
				CLANG_WARN_BOOL_CONVERSION = YES;
				CLANG_WARN_COMMA = YES;
				CLANG_WARN_CONSTANT_CONVERSION = YES;
				CLANG_WARN_DEPRECATED_OBJC_IMPLEMENTATIONS = YES;
				CLANG_WARN_DIRECT_OBJC_ISA_USAGE = YES_ERROR;
				CLANG_WARN_DOCUMENTATION_COMMENTS = YES;
				CLANG_WARN_EMPTY_BODY = YES;
				CLANG_WARN_ENUM_CONVERSION = YES;
				CLANG_WARN_INFINITE_RECURSION = YES;
				CLANG_WARN_INT_CONVERSION = YES;
				CLANG_WARN_NON_LITERAL_NULL_CONVERSION = YES;
				CLANG_WARN_OBJC_IMPLICIT_RETAIN_SELF = YES;
				CLANG_WARN_OBJC_LITERAL_CONVERSION = YES;
				CLANG_WARN_OBJC_ROOT_CLASS = YES_ERROR;
				CLANG_WARN_QUOTED_INCLUDE_IN_FRAMEWORK_HEADER = YES;
				CLANG_WARN_RANGE_LOOP_ANALYSIS = YES;
				CLANG_WARN_STRICT_PROTOTYPES = YES;
				CLANG_WARN_SUSPICIOUS_MOVE = YES;
				CLANG_WARN_UNGUARDED_AVAILABILITY = YES_AGGRESSIVE;
				CLANG_WARN_UNREACHABLE_CODE = YES;
				CLANG_WARN__DUPLICATE_METHOD_MATCH = YES;
				COPY_PHASE_STRIP = NO;
				DEBUG_INFORMATION_FORMAT = dwarf;
				ENABLE_STRICT_OBJC_MSGSEND = YES;
				ENABLE_TESTABILITY = YES;
				ENABLE_USER_SCRIPT_SANDBOXING = YES;
				GCC_C_LANGUAGE_STANDARD = gnu17;
				GCC_DYNAMIC_NO_PIC = NO;
				GCC_NO_COMMON_BLOCKS = YES;
				GCC_OPTIMIZATION_LEVEL = 0;
				GCC_PREPROCESSOR_DEFINITIONS = (
					"DEBUG=1",
					"$(inherited)",
				);
				GCC_WARN_64_TO_32_BIT_CONVERSION = YES;
				GCC_WARN_ABOUT_RETURN_TYPE = YES_ERROR;
				GCC_WARN_UNDECLARED_SELECTOR = YES;
				GCC_WARN_UNINITIALIZED_AUTOS = YES_AGGRESSIVE;
				GCC_WARN_UNUSED_FUNCTION = YES;
				GCC_WARN_UNUSED_VARIABLE = YES;
				IPHONEOS_DEPLOYMENT_TARGET = 18.2;
				LOCALIZATION_PREFERS_STRING_CATALOGS = YES;
				MTL_ENABLE_DEBUG_INFO = INCLUDE_SOURCE;
				MTL_FAST_MATH = YES;
				ONLY_ACTIVE_ARCH = YES;
				SDKROOT = iphoneos;
				SWIFT_ACTIVE_COMPILATION_CONDITIONS = "DEBUG $(inherited)";
				SWIFT_OPTIMIZATION_LEVEL = "-Onone";
			};
			name = Debug;
		};
		F1E76E542D831F860004B78B /* Release */ = {
			isa = XCBuildConfiguration;
			buildSettings = {
				ALWAYS_SEARCH_USER_PATHS = NO;
				ASSETCATALOG_COMPILER_GENERATE_SWIFT_ASSET_SYMBOL_EXTENSIONS = YES;
				CLANG_ANALYZER_NONNULL = YES;
				CLANG_ANALYZER_NUMBER_OBJECT_CONVERSION = YES_AGGRESSIVE;
				CLANG_CXX_LANGUAGE_STANDARD = "gnu++20";
				CLANG_ENABLE_MODULES = YES;
				CLANG_ENABLE_OBJC_ARC = YES;
				CLANG_ENABLE_OBJC_WEAK = YES;
				CLANG_WARN_BLOCK_CAPTURE_AUTORELEASING = YES;
				CLANG_WARN_BOOL_CONVERSION = YES;
				CLANG_WARN_COMMA = YES;
				CLANG_WARN_CONSTANT_CONVERSION = YES;
				CLANG_WARN_DEPRECATED_OBJC_IMPLEMENTATIONS = YES;
				CLANG_WARN_DIRECT_OBJC_ISA_USAGE = YES_ERROR;
				CLANG_WARN_DOCUMENTATION_COMMENTS = YES;
				CLANG_WARN_EMPTY_BODY = YES;
				CLANG_WARN_ENUM_CONVERSION = YES;
				CLANG_WARN_INFINITE_RECURSION = YES;
				CLANG_WARN_INT_CONVERSION = YES;
				CLANG_WARN_NON_LITERAL_NULL_CONVERSION = YES;
				CLANG_WARN_OBJC_IMPLICIT_RETAIN_SELF = YES;
				CLANG_WARN_OBJC_LITERAL_CONVERSION = YES;
				CLANG_WARN_OBJC_ROOT_CLASS = YES_ERROR;
				CLANG_WARN_QUOTED_INCLUDE_IN_FRAMEWORK_HEADER = YES;
				CLANG_WARN_RANGE_LOOP_ANALYSIS = YES;
				CLANG_WARN_STRICT_PROTOTYPES = YES;
				CLANG_WARN_SUSPICIOUS_MOVE = YES;
				CLANG_WARN_UNGUARDED_AVAILABILITY = YES_AGGRESSIVE;
				CLANG_WARN_UNREACHABLE_CODE = YES;
				CLANG_WARN__DUPLICATE_METHOD_MATCH = YES;
				COPY_PHASE_STRIP = NO;
				DEBUG_INFORMATION_FORMAT = "dwarf-with-dsym";
				ENABLE_NS_ASSERTIONS = NO;
				ENABLE_STRICT_OBJC_MSGSEND = YES;
				ENABLE_USER_SCRIPT_SANDBOXING = YES;
				GCC_C_LANGUAGE_STANDARD = gnu17;
				GCC_NO_COMMON_BLOCKS = YES;
				GCC_WARN_64_TO_32_BIT_CONVERSION = YES;
				GCC_WARN_ABOUT_RETURN_TYPE = YES_ERROR;
				GCC_WARN_UNDECLARED_SELECTOR = YES;
				GCC_WARN_UNINITIALIZED_AUTOS = YES_AGGRESSIVE;
				GCC_WARN_UNUSED_FUNCTION = YES;
				GCC_WARN_UNUSED_VARIABLE = YES;
				IPHONEOS_DEPLOYMENT_TARGET = 18.2;
				LOCALIZATION_PREFERS_STRING_CATALOGS = YES;
				MTL_ENABLE_DEBUG_INFO = NO;
				MTL_FAST_MATH = YES;
				SDKROOT = iphoneos;
				SWIFT_COMPILATION_MODE = wholemodule;
				VALIDATE_PRODUCT = YES;
			};
			name = Release;
		};
		F1E76E562D831F860004B78B /* Debug */ = {
			isa = XCBuildConfiguration;
			buildSettings = {
				BUNDLE_LOADER = "$(TEST_HOST)";
				CODE_SIGN_STYLE = Automatic;
				CURRENT_PROJECT_VERSION = 1;
				GENERATE_INFOPLIST_FILE = YES;
				IPHONEOS_DEPLOYMENT_TARGET = 18.2;
				MARKETING_VERSION = 1.0;
				PRODUCT_BUNDLE_IDENTIFIER = JaiTimsina.WarmartCountrySearchTests;
				PRODUCT_NAME = "$(TARGET_NAME)";
				SWIFT_EMIT_LOC_STRINGS = NO;
				SWIFT_VERSION = 5.0;
				TARGETED_DEVICE_FAMILY = "1,2";
				TEST_HOST = "$(BUILT_PRODUCTS_DIR)/WarmartCountrySearch.app/$(BUNDLE_EXECUTABLE_FOLDER_PATH)/WarmartCountrySearch";
			};
			name = Debug;
		};
		F1E76E572D831F860004B78B /* Release */ = {
			isa = XCBuildConfiguration;
			buildSettings = {
				BUNDLE_LOADER = "$(TEST_HOST)";
				CODE_SIGN_STYLE = Automatic;
				CURRENT_PROJECT_VERSION = 1;
				GENERATE_INFOPLIST_FILE = YES;
				IPHONEOS_DEPLOYMENT_TARGET = 18.2;
				MARKETING_VERSION = 1.0;
				PRODUCT_BUNDLE_IDENTIFIER = JaiTimsina.WarmartCountrySearchTests;
				PRODUCT_NAME = "$(TARGET_NAME)";
				SWIFT_EMIT_LOC_STRINGS = NO;
				SWIFT_VERSION = 5.0;
				TARGETED_DEVICE_FAMILY = "1,2";
				TEST_HOST = "$(BUILT_PRODUCTS_DIR)/WarmartCountrySearch.app/$(BUNDLE_EXECUTABLE_FOLDER_PATH)/WarmartCountrySearch";
			};
			name = Release;
		};
		F1E76E592D831F860004B78B /* Debug */ = {
			isa = XCBuildConfiguration;
			buildSettings = {
				CODE_SIGN_STYLE = Automatic;
				CURRENT_PROJECT_VERSION = 1;
				GENERATE_INFOPLIST_FILE = YES;
				MARKETING_VERSION = 1.0;
				PRODUCT_BUNDLE_IDENTIFIER = JaiTimsina.WarmartCountrySearchUITests;
				PRODUCT_NAME = "$(TARGET_NAME)";
				SWIFT_EMIT_LOC_STRINGS = NO;
				SWIFT_VERSION = 5.0;
				TARGETED_DEVICE_FAMILY = "1,2";
				TEST_TARGET_NAME = WarmartCountrySearch;
			};
			name = Debug;
		};
		F1E76E5A2D831F860004B78B /* Release */ = {
			isa = XCBuildConfiguration;
			buildSettings = {
				CODE_SIGN_STYLE = Automatic;
				CURRENT_PROJECT_VERSION = 1;
				GENERATE_INFOPLIST_FILE = YES;
				MARKETING_VERSION = 1.0;
				PRODUCT_BUNDLE_IDENTIFIER = JaiTimsina.WarmartCountrySearchUITests;
				PRODUCT_NAME = "$(TARGET_NAME)";
				SWIFT_EMIT_LOC_STRINGS = NO;
				SWIFT_VERSION = 5.0;
				TARGETED_DEVICE_FAMILY = "1,2";
				TEST_TARGET_NAME = WarmartCountrySearch;
			};
			name = Release;
		};
/* End XCBuildConfiguration section */

/* Begin XCConfigurationList section */
		F1E76E222D831F830004B78B /* Build configuration list for PBXProject "WarmartCountrySearch" */ = {
			isa = XCConfigurationList;
			buildConfigurations = (
				F1E76E532D831F860004B78B /* Debug */,
				F1E76E542D831F860004B78B /* Release */,
			);
			defaultConfigurationIsVisible = 0;
			defaultConfigurationName = Release;
		};
		F1E76E502D831F860004B78B /* Build configuration list for PBXNativeTarget "WarmartCountrySearch" */ = {
			isa = XCConfigurationList;
			buildConfigurations = (
				F1E76E512D831F860004B78B /* Debug */,
				F1E76E522D831F860004B78B /* Release */,
			);
			defaultConfigurationIsVisible = 0;
			defaultConfigurationName = Release;
		};
		F1E76E552D831F860004B78B /* Build configuration list for PBXNativeTarget "WarmartCountrySearchTests" */ = {
			isa = XCConfigurationList;
			buildConfigurations = (
				F1E76E562D831F860004B78B /* Debug */,
				F1E76E572D831F860004B78B /* Release */,
			);
			defaultConfigurationIsVisible = 0;
			defaultConfigurationName = Release;
		};
		F1E76E582D831F860004B78B /* Build configuration list for PBXNativeTarget "WarmartCountrySearchUITests" */ = {
			isa = XCConfigurationList;
			buildConfigurations = (
				F1E76E592D831F860004B78B /* Debug */,
				F1E76E5A2D831F860004B78B /* Release */,
			);
			defaultConfigurationIsVisible = 0;
			defaultConfigurationName = Release;
		};
/* End XCConfigurationList section */
	};
	rootObject = F1E76E1F2D831F830004B78B /* Project object */;
}
